
Microsoft Visual Studio Solution File, Format Version 12.00
Project("{FAE04EC0-301F-11D3-BF4B-00C04F79EFBC}") = "Macro", "Macro\Macro.csproj", "{D19FED9C-3AE2-4D30-8D3A-116FE0F54171}"
EndProject
Global
	GlobalSection(SolutionConfigurationPlatforms) = preSolution
		Debug|Any CPU = Debug|Any CPU
		Release|Any CPU = Release|Any CPU
	EndGlobalSection
	GlobalSection(ProjectConfigurationPlatforms) = postSolution
		{D19FED9C-3AE2-4D30-8D3A-116FE0F54171}.Debug|Any CPU.ActiveCfg = Debug|Any CPU
		{D19FED9C-3AE2-4D30-8D3A-116FE0F54171}.Debug|Any CPU.Build.0 = Debug|Any CPU
		{D19FED9C-3AE2-4D30-8D3A-116FE0F54171}.Release|Any CPU.ActiveCfg = Release|Any CPU
		{D19FED9C-3AE2-4D30-8D3A-116FE0F54171}.Release|Any CPU.Build.0 = Release|Any CPU
	EndGlobalSection
EndGlobal
